<?xml version="1.0" encoding="utf-8"?>
<Project ToolsVersion="4.0" xmlns="http://schemas.microsoft.com/developer/msbuild/2003">
  <ItemGroup>
    <ClCompile Include="dllmain.cpp">
      <Filter>Source Files</Filter>
    </ClCompile>
    <ClCompile Include="OMC8000Lib.cpp">
      <Filter>Source Files</Filter>
    </ClCompile>
    <ClCompile Include="OMC8000Protocol.cpp">
      <Filter>Source Files</Filter>
    </ClCompile>
    <ClCompile Include="OMC8000Serial.cpp">
      <Filter>Source Files</Filter>
    </ClCompile>
    <ClCompile Include="OMC8000Task.cpp">
      <Filter>Source Files</Filter>
    </ClCompile>
    <ClCompile Include="OMC8000Tcp.cpp">
      <Filter>Source Files</Filter>
    </ClCompile>
    <ClCompile Include="stdafx.cpp">
      <Filter>Source Files</Filter>
    </ClCompile>
    <ClCompile Include="OMC8000Udp.cpp">
      <Filter>Source Files</Filter>
    </ClCompile>
    <ClCompile Include="TcpProtocol.cpp">
      <Filter>Source Files</Filter>
    </ClCompile>
    <ClCompile Include="SerialProtocol.cpp">
      <Filter>Source Files</Filter>
    </ClCompile>
    <ClCompile Include="UdpProtocol.cpp">
      <Filter>Source Files</Filter>
    </ClCompile>
  </ItemGroup>
  <ItemGroup>
    <ClInclude Include="OMC8000Lib.h">
      <Filter>Header Files</Filter>
    </ClInclude>
    <ClInclude Include="OMC8000Task.h">
      <Filter>Header Files</Filter>
    </ClInclude>
    <ClInclude Include="OMC8000Serial.h">
      <Filter>Header Files</Filter>
    </ClInclude>
    <ClInclude Include="OMC8000Tcp.h">
      <Filter>Header Files</Filter>
    </ClInclude>
    <ClInclude Include="targetver.h">
      <Filter>Header Files</Filter>
    </ClInclude>
    <ClInclude Include="stdafx.h">
      <Filter>Header Files</Filter>
    </ClInclude>
    <ClInclude Include="OMC8000Protocol.h">
      <Filter>Header Files</Filter>
    </ClInclude>
    <ClInclude Include="OMC8000Udp.h">
      <Filter>Header Files</Filter>
    </ClInclude>
    <ClInclude Include="TcpProtocol.h">
      <Filter>Header Files</Filter>
    </ClInclude>
    <ClInclude Include="UdpProtocol.h">
      <Filter>Header Files</Filter>
    </ClInclude>
    <ClInclude Include="SerialProtocol.h">
      <Filter>Header Files</Filter>
    </ClInclude>
  </ItemGroup>
  <ItemGroup>
    <Filter Include="Header Files">
      <UniqueIdentifier>{656b6fe6-e3cf-4e35-a1f7-66830f4746c0}</UniqueIdentifier>
    </Filter>
    <Filter Include="Source Files">
      <UniqueIdentifier>{c70127c1-2e25-4e5d-bbed-468bd706e577}</UniqueIdentifier>
    </Filter>
    <Filter Include="Resource Files">
      <UniqueIdentifier>{eb7ee280-9622-4ae8-b7c9-2722bb57d6eb}</UniqueIdentifier>
    </Filter>
  </ItemGroup>
  <ItemGroup>
    <ResourceCompile Include="Resource.rc">
      <Filter>Resource Files</Filter>
    </ResourceCompile>
  </ItemGroup>
  <ItemGroup>
    <Image Include="dll.ico">
      <Filter>Resource Files</Filter>
    </Image>
  </ItemGroup>
</Project>